
Microsoft Visual Studio Solution File, Format Version 12.00
# Visual Studio Version 17
VisualStudioVersion = 17.6.33815.320
MinimumVisualStudioVersion = 10.0.40219.1
Project("{FAE04EC0-301F-11D3-BF4B-00C04F79EFBC}") = "AzurePlateRecognition", "AzurePlateRecognition\AzurePlateRecognition.csproj", "{64261359-AA32-49F3-B694-EA93F41DE319}"
EndProject
Global
	GlobalSection(SolutionConfigurationPlatforms) = preSolution
		Debug|Any CPU = Debug|Any CPU
		Release|Any CPU = Release|Any CPU
	EndGlobalSection
	GlobalSection(ProjectConfigurationPlatforms) = postSolution
		{64261359-AA32-49F3-B694-EA93F41DE319}.Debug|Any CPU.ActiveCfg = Debug|Any CPU
		{64261359-AA32-49F3-B694-EA93F41DE319}.Debug|Any CPU.Build.0 = Debug|Any CPU
		{64261359-AA32-49F3-B694-EA93F41DE319}.Release|Any CPU.ActiveCfg = Release|Any CPU
		{64261359-AA32-49F3-B694-EA93F41DE319}.Release|Any CPU.Build.0 = Release|Any CPU
	EndGlobalSection
	GlobalSection(SolutionProperties) = preSolution
		HideSolutionNode = FALSE
	EndGlobalSection
	GlobalSection(ExtensibilityGlobals) = postSolution
		SolutionGuid = {E02F6155-F44A-43D1-A784-336F3DCC13E7}
	EndGlobalSection
EndGlobal
